
Microsoft Visual Studio Solution File, Format Version 12.00
# Visual Studio 15
VisualStudioVersion = 15.0.27130.2026
MinimumVisualStudioVersion = 10.0.40219.1
Project("{FAE04EC0-301F-11D3-BF4B-00C04F79EFBC}") = "WeDJ.Android", "WeDJ\WeDJ.Android\WeDJ.Android.csproj", "{91997D1B-0FC7-4C6C-92AC-0B8EC647B7F5}"
EndProject
Project("{FAE04EC0-301F-11D3-BF4B-00C04F79EFBC}") = "WeDJ.iOS", "WeDJ\WeDJ.iOS\WeDJ.iOS.csproj", "{9B04D7A0-909F-4F8D-BC59-E2DA5C30EBAD}"
EndProject
Project("{FAE04EC0-301F-11D3-BF4B-00C04F79EFBC}") = "WeDJ.UWP", "WeDJ\WeDJ.UWP\WeDJ.UWP.csproj", "{1F7667EE-DA51-4BB1-B224-2EA808E67C3D}"
EndProject
Project("{FAE04EC0-301F-11D3-BF4B-00C04F79EFBC}") = "WeDJ", "WeDJ\WeDJ\WeDJ.csproj", "{E6C5FFDE-C0AC-4808-AA88-30A50C8515D0}"
EndProject
Global
	GlobalSection(SolutionConfigurationPlatforms) = preSolution
		Ad-Hoc|Any CPU = Ad-Hoc|Any CPU
		Ad-Hoc|ARM = Ad-Hoc|ARM
		Ad-Hoc|iPhone = Ad-Hoc|iPhone
		Ad-Hoc|iPhoneSimulator = Ad-Hoc|iPhoneSimulator
		Ad-Hoc|x64 = Ad-Hoc|x64
		Ad-Hoc|x86 = Ad-Hoc|x86
		AppStore|Any CPU = AppStore|Any CPU
		AppStore|ARM = AppStore|ARM
		AppStore|iPhone = AppStore|iPhone
		AppStore|iPhoneSimulator = AppStore|iPhoneSimulator
		AppStore|x64 = AppStore|x64
		AppStore|x86 = AppStore|x86
		Debug|Any CPU = Debug|Any CPU
		Debug|ARM = Debug|ARM
		Debug|iPhone = Debug|iPhone
		Debug|iPhoneSimulator = Debug|iPhoneSimulator
		Debug|x64 = Debug|x64
		Debug|x86 = Debug|x86
		Release|Any CPU = Release|Any CPU
		Release|ARM = Release|ARM
		Release|iPhone = Release|iPhone
		Release|iPhoneSimulator = Release|iPhoneSimulator
		Release|x64 = Release|x64
		Release|x86 = Release|x86
	EndGlobalSection
	GlobalSection(ProjectConfigurationPlatforms) = postSolution
		{91997D1B-0FC7-4C6C-92AC-0B8EC647B7F5}.Ad-Hoc|Any CPU.ActiveCfg = Release|Any CPU
		{91997D1B-0FC7-4C6C-92AC-0B8EC647B7F5}.Ad-Hoc|Any CPU.Build.0 = Release|Any CPU
		{91997D1B-0FC7-4C6C-92AC-0B8EC647B7F5}.Ad-Hoc|Any CPU.Deploy.0 = Release|Any CPU
		{91997D1B-0FC7-4C6C-92AC-0B8EC647B7F5}.Ad-Hoc|ARM.ActiveCfg = Release|Any CPU
		{91997D1B-0FC7-4C6C-92AC-0B8EC647B7F5}.Ad-Hoc|ARM.Build.0 = Release|Any CPU
		{91997D1B-0FC7-4C6C-92AC-0B8EC647B7F5}.Ad-Hoc|ARM.Deploy.0 = Release|Any CPU
		{91997D1B-0FC7-4C6C-92AC-0B8EC647B7F5}.Ad-Hoc|iPhone.ActiveCfg = Release|Any CPU
		{91997D1B-0FC7-4C6C-92AC-0B8EC647B7F5}.Ad-Hoc|iPhone.Build.0 = Release|Any CPU
		{91997D1B-0FC7-4C6C-92AC-0B8EC647B7F5}.Ad-Hoc|iPhone.Deploy.0 = Release|Any CPU
		{91997D1B-0FC7-4C6C-92AC-0B8EC647B7F5}.Ad-Hoc|iPhoneSimulator.ActiveCfg = Release|Any CPU
		{91997D1B-0FC7-4C6C-92AC-0B8EC647B7F5}.Ad-Hoc|iPhoneSimulator.Build.0 = Release|Any CPU
		{91997D1B-0FC7-4C6C-92AC-0B8EC647B7F5}.Ad-Hoc|iPhoneSimulator.Deploy.0 = Release|Any CPU
		{91997D1B-0FC7-4C6C-92AC-0B8EC647B7F5}.Ad-Hoc|x64.ActiveCfg = Release|Any CPU
		{91997D1B-0FC7-4C6C-92AC-0B8EC647B7F5}.Ad-Hoc|x64.Build.0 = Release|Any CPU
		{91997D1B-0FC7-4C6C-92AC-0B8EC647B7F5}.Ad-Hoc|x64.Deploy.0 = Release|Any CPU
		{91997D1B-0FC7-4C6C-92AC-0B8EC647B7F5}.Ad-Hoc|x86.ActiveCfg = Release|Any CPU
		{91997D1B-0FC7-4C6C-92AC-0B8EC647B7F5}.Ad-Hoc|x86.Build.0 = Release|Any CPU
		{91997D1B-0FC7-4C6C-92AC-0B8EC647B7F5}.Ad-Hoc|x86.Deploy.0 = Release|Any CPU
		{91997D1B-0FC7-4C6C-92AC-0B8EC647B7F5}.AppStore|Any CPU.ActiveCfg = Release|Any CPU
		{91997D1B-0FC7-4C6C-92AC-0B8EC647B7F5}.AppStore|Any CPU.Build.0 = Release|Any CPU
		{91997D1B-0FC7-4C6C-92AC-0B8EC647B7F5}.AppStore|Any CPU.Deploy.0 = Release|Any CPU
		{91997D1B-0FC7-4C6C-92AC-0B8EC647B7F5}.AppStore|ARM.ActiveCfg = Release|Any CPU
		{91997D1B-0FC7-4C6C-92AC-0B8EC647B7F5}.AppStore|ARM.Build.0 = Release|Any CPU
		{91997D1B-0FC7-4C6C-92AC-0B8EC647B7F5}.AppStore|ARM.Deploy.0 = Release|Any CPU
		{91997D1B-0FC7-4C6C-92AC-0B8EC647B7F5}.AppStore|iPhone.ActiveCfg = Release|Any CPU
		{91997D1B-0FC7-4C6C-92AC-0B8EC647B7F5}.AppStore|iPhone.Build.0 = Release|Any CPU
		{91997D1B-0FC7-4C6C-92AC-0B8EC647B7F5}.AppStore|iPhone.Deploy.0 = Release|Any CPU
		{91997D1B-0FC7-4C6C-92AC-0B8EC647B7F5}.AppStore|iPhoneSimulator.ActiveCfg = Release|Any CPU
		{91997D1B-0FC7-4C6C-92AC-0B8EC647B7F5}.AppStore|iPhoneSimulator.Build.0 = Release|Any CPU
		{91997D1B-0FC7-4C6C-92AC-0B8EC647B7F5}.AppStore|iPhoneSimulator.Deploy.0 = Release|Any CPU
		{91997D1B-0FC7-4C6C-92AC-0B8EC647B7F5}.AppStore|x64.ActiveCfg = Release|Any CPU
		{91997D1B-0FC7-4C6C-92AC-0B8EC647B7F5}.AppStore|x64.Build.0 = Release|Any CPU
		{91997D1B-0FC7-4C6C-92AC-0B8EC647B7F5}.AppStore|x64.Deploy.0 = Release|Any CPU
		{91997D1B-0FC7-4C6C-92AC-0B8EC647B7F5}.AppStore|x86.ActiveCfg = Release|Any CPU
		{91997D1B-0FC7-4C6C-92AC-0B8EC647B7F5}.AppStore|x86.Build.0 = Release|Any CPU
		{91997D1B-0FC7-4C6C-92AC-0B8EC647B7F5}.AppStore|x86.Deploy.0 = Release|Any CPU
		{91997D1B-0FC7-4C6C-92AC-0B8EC647B7F5}.Debug|Any CPU.ActiveCfg = Debug|Any CPU
		{91997D1B-0FC7-4C6C-92AC-0B8EC647B7F5}.Debug|Any CPU.Build.0 = Debug|Any CPU
		{91997D1B-0FC7-4C6C-92AC-0B8EC647B7F5}.Debug|Any CPU.Deploy.0 = Debug|Any CPU
		{91997D1B-0FC7-4C6C-92AC-0B8EC647B7F5}.Debug|ARM.ActiveCfg = Debug|Any CPU
		{91997D1B-0FC7-4C6C-92AC-0B8EC647B7F5}.Debug|ARM.Build.0 = Debug|Any CPU
		{91997D1B-0FC7-4C6C-92AC-0B8EC647B7F5}.Debug|ARM.Deploy.0 = Debug|Any CPU
		{91997D1B-0FC7-4C6C-92AC-0B8EC647B7F5}.Debug|iPhone.ActiveCfg = Debug|Any CPU
		{91997D1B-0FC7-4C6C-92AC-0B8EC647B7F5}.Debug|iPhone.Build.0 = Debug|Any CPU
		{91997D1B-0FC7-4C6C-92AC-0B8EC647B7F5}.Debug|iPhone.Deploy.0 = Debug|Any CPU
		{91997D1B-0FC7-4C6C-92AC-0B8EC647B7F5}.Debug|iPhoneSimulator.ActiveCfg = Debug|Any CPU
		{91997D1B-0FC7-4C6C-92AC-0B8EC647B7F5}.Debug|iPhoneSimulator.Build.0 = Debug|Any CPU
		{91997D1B-0FC7-4C6C-92AC-0B8EC647B7F5}.Debug|iPhoneSimulator.Deploy.0 = Debug|Any CPU
		{91997D1B-0FC7-4C6C-92AC-0B8EC647B7F5}.Debug|x64.ActiveCfg = Debug|Any CPU
		{91997D1B-0FC7-4C6C-92AC-0B8EC647B7F5}.Debug|x64.Build.0 = Debug|Any CPU
		{91997D1B-0FC7-4C6C-92AC-0B8EC647B7F5}.Debug|x64.Deploy.0 = Debug|Any CPU
		{91997D1B-0FC7-4C6C-92AC-0B8EC647B7F5}.Debug|x86.ActiveCfg = Debug|Any CPU
		{91997D1B-0FC7-4C6C-92AC-0B8EC647B7F5}.Debug|x86.Build.0 = Debug|Any CPU
		{91997D1B-0FC7-4C6C-92AC-0B8EC647B7F5}.Debug|x86.Deploy.0 = Debug|Any CPU
		{91997D1B-0FC7-4C6C-92AC-0B8EC647B7F5}.Release|Any CPU.ActiveCfg = Release|Any CPU
		{91997D1B-0FC7-4C6C-92AC-0B8EC647B7F5}.Release|Any CPU.Build.0 = Release|Any CPU
		{91997D1B-0FC7-4C6C-92AC-0B8EC647B7F5}.Release|Any CPU.Deploy.0 = Release|Any CPU
		{91997D1B-0FC7-4C6C-92AC-0B8EC647B7F5}.Release|ARM.ActiveCfg = Release|Any CPU
		{91997D1B-0FC7-4C6C-92AC-0B8EC647B7F5}.Release|ARM.Build.0 = Release|Any CPU
		{91997D1B-0FC7-4C6C-92AC-0B8EC647B7F5}.Release|ARM.Deploy.0 = Release|Any CPU
		{91997D1B-0FC7-4C6C-92AC-0B8EC647B7F5}.Release|iPhone.ActiveCfg = Release|Any CPU
		{91997D1B-0FC7-4C6C-92AC-0B8EC647B7F5}.Release|iPhone.Build.0 = Release|Any CPU
		{91997D1B-0FC7-4C6C-92AC-0B8EC647B7F5}.Release|iPhone.Deploy.0 = Release|Any CPU
		{91997D1B-0FC7-4C6C-92AC-0B8EC647B7F5}.Release|iPhoneSimulator.ActiveCfg = Release|Any CPU
		{91997D1B-0FC7-4C6C-92AC-0B8EC647B7F5}.Release|iPhoneSimulator.Build.0 = Release|Any CPU
		{91997D1B-0FC7-4C6C-92AC-0B8EC647B7F5}.Release|iPhoneSimulator.Deploy.0 = Release|Any CPU
		{91997D1B-0FC7-4C6C-92AC-0B8EC647B7F5}.Release|x64.ActiveCfg = Release|Any CPU
		{91997D1B-0FC7-4C6C-92AC-0B8EC647B7F5}.Release|x64.Build.0 = Release|Any CPU
		{91997D1B-0FC7-4C6C-92AC-0B8EC647B7F5}.Release|x64.Deploy.0 = Release|Any CPU
		{91997D1B-0FC7-4C6C-92AC-0B8EC647B7F5}.Release|x86.ActiveCfg = Release|Any CPU
		{91997D1B-0FC7-4C6C-92AC-0B8EC647B7F5}.Release|x86.Build.0 = Release|Any CPU
		{91997D1B-0FC7-4C6C-92AC-0B8EC647B7F5}.Release|x86.Deploy.0 = Release|Any CPU
		{9B04D7A0-909F-4F8D-BC59-E2DA5C30EBAD}.Ad-Hoc|Any CPU.ActiveCfg = Ad-Hoc|iPhone
		{9B04D7A0-909F-4F8D-BC59-E2DA5C30EBAD}.Ad-Hoc|ARM.ActiveCfg = Ad-Hoc|iPhone
		{9B04D7A0-909F-4F8D-BC59-E2DA5C30EBAD}.Ad-Hoc|iPhone.ActiveCfg = Ad-Hoc|iPhone
		{9B04D7A0-909F-4F8D-BC59-E2DA5C30EBAD}.Ad-Hoc|iPhone.Build.0 = Ad-Hoc|iPhone
		{9B04D7A0-909F-4F8D-BC59-E2DA5C30EBAD}.Ad-Hoc|iPhoneSimulator.ActiveCfg = Ad-Hoc|iPhoneSimulator
		{9B04D7A0-909F-4F8D-BC59-E2DA5C30EBAD}.Ad-Hoc|iPhoneSimulator.Build.0 = Ad-Hoc|iPhoneSimulator
		{9B04D7A0-909F-4F8D-BC59-E2DA5C30EBAD}.Ad-Hoc|x64.ActiveCfg = Ad-Hoc|iPhone
		{9B04D7A0-909F-4F8D-BC59-E2DA5C30EBAD}.Ad-Hoc|x86.ActiveCfg = Ad-Hoc|iPhone
		{9B04D7A0-909F-4F8D-BC59-E2DA5C30EBAD}.AppStore|Any CPU.ActiveCfg = AppStore|iPhone
		{9B04D7A0-909F-4F8D-BC59-E2DA5C30EBAD}.AppStore|ARM.ActiveCfg = AppStore|iPhone
		{9B04D7A0-909F-4F8D-BC59-E2DA5C30EBAD}.AppStore|iPhone.ActiveCfg = AppStore|iPhone
		{9B04D7A0-909F-4F8D-BC59-E2DA5C30EBAD}.AppStore|iPhone.Build.0 = AppStore|iPhone
		{9B04D7A0-909F-4F8D-BC59-E2DA5C30EBAD}.AppStore|iPhoneSimulator.ActiveCfg = AppStore|iPhoneSimulator
		{9B04D7A0-909F-4F8D-BC59-E2DA5C30EBAD}.AppStore|iPhoneSimulator.Build.0 = AppStore|iPhoneSimulator
		{9B04D7A0-909F-4F8D-BC59-E2DA5C30EBAD}.AppStore|x64.ActiveCfg = AppStore|iPhone
		{9B04D7A0-909F-4F8D-BC59-E2DA5C30EBAD}.AppStore|x86.ActiveCfg = AppStore|iPhone
		{9B04D7A0-909F-4F8D-BC59-E2DA5C30EBAD}.Debug|Any CPU.ActiveCfg = Debug|iPhone
		{9B04D7A0-909F-4F8D-BC59-E2DA5C30EBAD}.Debug|ARM.ActiveCfg = Debug|iPhone
		{9B04D7A0-909F-4F8D-BC59-E2DA5C30EBAD}.Debug|iPhone.ActiveCfg = Debug|iPhone
		{9B04D7A0-909F-4F8D-BC59-E2DA5C30EBAD}.Debug|iPhone.Build.0 = Debug|iPhone
		{9B04D7A0-909F-4F8D-BC59-E2DA5C30EBAD}.Debug|iPhoneSimulator.ActiveCfg = Debug|iPhoneSimulator
		{9B04D7A0-909F-4F8D-BC59-E2DA5C30EBAD}.Debug|iPhoneSimulator.Build.0 = Debug|iPhoneSimulator
		{9B04D7A0-909F-4F8D-BC59-E2DA5C30EBAD}.Debug|x64.ActiveCfg = Debug|iPhone
		{9B04D7A0-909F-4F8D-BC59-E2DA5C30EBAD}.Debug|x86.ActiveCfg = Debug|iPhone
		{9B04D7A0-909F-4F8D-BC59-E2DA5C30EBAD}.Release|Any CPU.ActiveCfg = Release|iPhone
		{9B04D7A0-909F-4F8D-BC59-E2DA5C30EBAD}.Release|ARM.ActiveCfg = Release|iPhone
		{9B04D7A0-909F-4F8D-BC59-E2DA5C30EBAD}.Release|iPhone.ActiveCfg = Release|iPhone
		{9B04D7A0-909F-4F8D-BC59-E2DA5C30EBAD}.Release|iPhone.Build.0 = Release|iPhone
		{9B04D7A0-909F-4F8D-BC59-E2DA5C30EBAD}.Release|iPhoneSimulator.ActiveCfg = Release|iPhoneSimulator
		{9B04D7A0-909F-4F8D-BC59-E2DA5C30EBAD}.Release|iPhoneSimulator.Build.0 = Release|iPhoneSimulator
		{9B04D7A0-909F-4F8D-BC59-E2DA5C30EBAD}.Release|x64.ActiveCfg = Release|iPhone
		{9B04D7A0-909F-4F8D-BC59-E2DA5C30EBAD}.Release|x86.ActiveCfg = Release|iPhone
		{1F7667EE-DA51-4BB1-B224-2EA808E67C3D}.Ad-Hoc|Any CPU.ActiveCfg = Release|x86
		{1F7667EE-DA51-4BB1-B224-2EA808E67C3D}.Ad-Hoc|Any CPU.Build.0 = Release|x86
		{1F7667EE-DA51-4BB1-B224-2EA808E67C3D}.Ad-Hoc|Any CPU.Deploy.0 = Release|x86
		{1F7667EE-DA51-4BB1-B224-2EA808E67C3D}.Ad-Hoc|ARM.ActiveCfg = Release|ARM
		{1F7667EE-DA51-4BB1-B224-2EA808E67C3D}.Ad-Hoc|ARM.Build.0 = Release|ARM
		{1F7667EE-DA51-4BB1-B224-2EA808E67C3D}.Ad-Hoc|ARM.Deploy.0 = Release|ARM
		{1F7667EE-DA51-4BB1-B224-2EA808E67C3D}.Ad-Hoc|iPhone.ActiveCfg = Release|x86
		{1F7667EE-DA51-4BB1-B224-2EA808E67C3D}.Ad-Hoc|iPhone.Build.0 = Release|x86
		{1F7667EE-DA51-4BB1-B224-2EA808E67C3D}.Ad-Hoc|iPhone.Deploy.0 = Release|x86
		{1F7667EE-DA51-4BB1-B224-2EA808E67C3D}.Ad-Hoc|iPhoneSimulator.ActiveCfg = Release|x86
		{1F7667EE-DA51-4BB1-B224-2EA808E67C3D}.Ad-Hoc|iPhoneSimulator.Build.0 = Release|x86
		{1F7667EE-DA51-4BB1-B224-2EA808E67C3D}.Ad-Hoc|iPhoneSimulator.Deploy.0 = Release|x86
		{1F7667EE-DA51-4BB1-B224-2EA808E67C3D}.Ad-Hoc|x64.ActiveCfg = Release|x64
		{1F7667EE-DA51-4BB1-B224-2EA808E67C3D}.Ad-Hoc|x64.Build.0 = Release|x64
		{1F7667EE-DA51-4BB1-B224-2EA808E67C3D}.Ad-Hoc|x64.Deploy.0 = Release|x64
		{1F7667EE-DA51-4BB1-B224-2EA808E67C3D}.Ad-Hoc|x86.ActiveCfg = Release|x86
		{1F7667EE-DA51-4BB1-B224-2EA808E67C3D}.Ad-Hoc|x86.Build.0 = Release|x86
		{1F7667EE-DA51-4BB1-B224-2EA808E67C3D}.Ad-Hoc|x86.Deploy.0 = Release|x86
		{1F7667EE-DA51-4BB1-B224-2EA808E67C3D}.AppStore|Any CPU.ActiveCfg = Release|x86
		{1F7667EE-DA51-4BB1-B224-2EA808E67C3D}.AppStore|Any CPU.Build.0 = Release|x86
		{1F7667EE-DA51-4BB1-B224-2EA808E67C3D}.AppStore|Any CPU.Deploy.0 = Release|x86
		{1F7667EE-DA51-4BB1-B224-2EA808E67C3D}.AppStore|ARM.ActiveCfg = Release|ARM
		{1F7667EE-DA51-4BB1-B224-2EA808E67C3D}.AppStore|ARM.Build.0 = Release|ARM
		{1F7667EE-DA51-4BB1-B224-2EA808E67C3D}.AppStore|ARM.Deploy.0 = Release|ARM
		{1F7667EE-DA51-4BB1-B224-2EA808E67C3D}.AppStore|iPhone.ActiveCfg = Release|x86
		{1F7667EE-DA51-4BB1-B224-2EA808E67C3D}.AppStore|iPhone.Build.0 = Release|x86
		{1F7667EE-DA51-4BB1-B224-2EA808E67C3D}.AppStore|iPhone.Deploy.0 = Release|x86
		{1F7667EE-DA51-4BB1-B224-2EA808E67C3D}.AppStore|iPhoneSimulator.ActiveCfg = Release|x86
		{1F7667EE-DA51-4BB1-B224-2EA808E67C3D}.AppStore|iPhoneSimulator.Build.0 = Release|x86
		{1F7667EE-DA51-4BB1-B224-2EA808E67C3D}.AppStore|iPhoneSimulator.Deploy.0 = Release|x86
		{1F7667EE-DA51-4BB1-B224-2EA808E67C3D}.AppStore|x64.ActiveCfg = Release|x64
		{1F7667EE-DA51-4BB1-B224-2EA808E67C3D}.AppStore|x64.Build.0 = Release|x64
		{1F7667EE-DA51-4BB1-B224-2EA808E67C3D}.AppStore|x64.Deploy.0 = Release|x64
		{1F7667EE-DA51-4BB1-B224-2EA808E67C3D}.AppStore|x86.ActiveCfg = Release|x86
		{1F7667EE-DA51-4BB1-B224-2EA808E67C3D}.AppStore|x86.Build.0 = Release|x86
		{1F7667EE-DA51-4BB1-B224-2EA808E67C3D}.AppStore|x86.Deploy.0 = Release|x86
		{1F7667EE-DA51-4BB1-B224-2EA808E67C3D}.Debug|Any CPU.ActiveCfg = Debug|x86
		{1F7667EE-DA51-4BB1-B224-2EA808E67C3D}.Debug|ARM.ActiveCfg = Debug|ARM
		{1F7667EE-DA51-4BB1-B224-2EA808E67C3D}.Debug|ARM.Build.0 = Debug|ARM
		{1F7667EE-DA51-4BB1-B224-2EA808E67C3D}.Debug|ARM.Deploy.0 = Debug|ARM
		{1F7667EE-DA51-4BB1-B224-2EA808E67C3D}.Debug|iPhone.ActiveCfg = Debug|x86
		{1F7667EE-DA51-4BB1-B224-2EA808E67C3D}.Debug|iPhoneSimulator.ActiveCfg = Debug|x86
		{1F7667EE-DA51-4BB1-B224-2EA808E67C3D}.Debug|x64.ActiveCfg = Debug|x64
		{1F7667EE-DA51-4BB1-B224-2EA808E67C3D}.Debug|x64.Build.0 = Debug|x64
		{1F7667EE-DA51-4BB1-B224-2EA808E67C3D}.Debug|x64.Deploy.0 = Debug|x64
		{1F7667EE-DA51-4BB1-B224-2EA808E67C3D}.Debug|x86.ActiveCfg = Debug|x86
		{1F7667EE-DA51-4BB1-B224-2EA808E67C3D}.Debug|x86.Build.0 = Debug|x86
		{1F7667EE-DA51-4BB1-B224-2EA808E67C3D}.Debug|x86.Deploy.0 = Debug|x86
		{1F7667EE-DA51-4BB1-B224-2EA808E67C3D}.Release|Any CPU.ActiveCfg = Release|x86
		{1F7667EE-DA51-4BB1-B224-2EA808E67C3D}.Release|ARM.ActiveCfg = Release|ARM
		{1F7667EE-DA51-4BB1-B224-2EA808E67C3D}.Release|ARM.Build.0 = Release|ARM
		{1F7667EE-DA51-4BB1-B224-2EA808E67C3D}.Release|ARM.Deploy.0 = Release|ARM
		{1F7667EE-DA51-4BB1-B224-2EA808E67C3D}.Release|iPhone.ActiveCfg = Release|x86
		{1F7667EE-DA51-4BB1-B224-2EA808E67C3D}.Release|iPhoneSimulator.ActiveCfg = Release|x86
		{1F7667EE-DA51-4BB1-B224-2EA808E67C3D}.Release|x64.ActiveCfg = Release|x64
		{1F7667EE-DA51-4BB1-B224-2EA808E67C3D}.Release|x64.Build.0 = Release|x64
		{1F7667EE-DA51-4BB1-B224-2EA808E67C3D}.Release|x64.Deploy.0 = Release|x64
		{1F7667EE-DA51-4BB1-B224-2EA808E67C3D}.Release|x86.ActiveCfg = Release|x86
		{1F7667EE-DA51-4BB1-B224-2EA808E67C3D}.Release|x86.Build.0 = Release|x86
		{1F7667EE-DA51-4BB1-B224-2EA808E67C3D}.Release|x86.Deploy.0 = Release|x86
		{E6C5FFDE-C0AC-4808-AA88-30A50C8515D0}.Ad-Hoc|Any CPU.ActiveCfg = Debug|Any CPU
		{E6C5FFDE-C0AC-4808-AA88-30A50C8515D0}.Ad-Hoc|Any CPU.Build.0 = Debug|Any CPU
		{E6C5FFDE-C0AC-4808-AA88-30A50C8515D0}.Ad-Hoc|ARM.ActiveCfg = Debug|Any CPU
		{E6C5FFDE-C0AC-4808-AA88-30A50C8515D0}.Ad-Hoc|ARM.Build.0 = Debug|Any CPU
		{E6C5FFDE-C0AC-4808-AA88-30A50C8515D0}.Ad-Hoc|iPhone.ActiveCfg = Debug|Any CPU
		{E6C5FFDE-C0AC-4808-AA88-30A50C8515D0}.Ad-Hoc|iPhone.Build.0 = Debug|Any CPU
		{E6C5FFDE-C0AC-4808-AA88-30A50C8515D0}.Ad-Hoc|iPhoneSimulator.ActiveCfg = Debug|Any CPU
		{E6C5FFDE-C0AC-4808-AA88-30A50C8515D0}.Ad-Hoc|iPhoneSimulator.Build.0 = Debug|Any CPU
		{E6C5FFDE-C0AC-4808-AA88-30A50C8515D0}.Ad-Hoc|x64.ActiveCfg = Debug|Any CPU
		{E6C5FFDE-C0AC-4808-AA88-30A50C8515D0}.Ad-Hoc|x64.Build.0 = Debug|Any CPU
		{E6C5FFDE-C0AC-4808-AA88-30A50C8515D0}.Ad-Hoc|x86.ActiveCfg = Debug|Any CPU
		{E6C5FFDE-C0AC-4808-AA88-30A50C8515D0}.Ad-Hoc|x86.Build.0 = Debug|Any CPU
		{E6C5FFDE-C0AC-4808-AA88-30A50C8515D0}.AppStore|Any CPU.ActiveCfg = Debug|Any CPU
		{E6C5FFDE-C0AC-4808-AA88-30A50C8515D0}.AppStore|Any CPU.Build.0 = Debug|Any CPU
		{E6C5FFDE-C0AC-4808-AA88-30A50C8515D0}.AppStore|ARM.ActiveCfg = Debug|Any CPU
		{E6C5FFDE-C0AC-4808-AA88-30A50C8515D0}.AppStore|ARM.Build.0 = Debug|Any CPU
		{E6C5FFDE-C0AC-4808-AA88-30A50C8515D0}.AppStore|iPhone.ActiveCfg = Debug|Any CPU
		{E6C5FFDE-C0AC-4808-AA88-30A50C8515D0}.AppStore|iPhone.Build.0 = Debug|Any CPU
		{E6C5FFDE-C0AC-4808-AA88-30A50C8515D0}.AppStore|iPhoneSimulator.ActiveCfg = Debug|Any CPU
		{E6C5FFDE-C0AC-4808-AA88-30A50C8515D0}.AppStore|iPhoneSimulator.Build.0 = Debug|Any CPU
		{E6C5FFDE-C0AC-4808-AA88-30A50C8515D0}.AppStore|x64.ActiveCfg = Debug|Any CPU
		{E6C5FFDE-C0AC-4808-AA88-30A50C8515D0}.AppStore|x64.Build.0 = Debug|Any CPU
		{E6C5FFDE-C0AC-4808-AA88-30A50C8515D0}.AppStore|x86.ActiveCfg = Debug|Any CPU
		{E6C5FFDE-C0AC-4808-AA88-30A50C8515D0}.AppStore|x86.Build.0 = Debug|Any CPU
		{E6C5FFDE-C0AC-4808-AA88-30A50C8515D0}.Debug|Any CPU.ActiveCfg = Debug|Any CPU
		{E6C5FFDE-C0AC-4808-AA88-30A50C8515D0}.Debug|Any CPU.Build.0 = Debug|Any CPU
		{E6C5FFDE-C0AC-4808-AA88-30A50C8515D0}.Debug|ARM.ActiveCfg = Debug|Any CPU
		{E6C5FFDE-C0AC-4808-AA88-30A50C8515D0}.Debug|ARM.Build.0 = Debug|Any CPU
		{E6C5FFDE-C0AC-4808-AA88-30A50C8515D0}.Debug|iPhone.ActiveCfg = Debug|Any CPU
		{E6C5FFDE-C0AC-4808-AA88-30A50C8515D0}.Debug|iPhone.Build.0 = Debug|Any CPU
		{E6C5FFDE-C0AC-4808-AA88-30A50C8515D0}.Debug|iPhoneSimulator.ActiveCfg = Debug|Any CPU
		{E6C5FFDE-C0AC-4808-AA88-30A50C8515D0}.Debug|iPhoneSimulator.Build.0 = Debug|Any CPU
		{E6C5FFDE-C0AC-4808-AA88-30A50C8515D0}.Debug|x64.ActiveCfg = Debug|Any CPU
		{E6C5FFDE-C0AC-4808-AA88-30A50C8515D0}.Debug|x64.Build.0 = Debug|Any CPU
		{E6C5FFDE-C0AC-4808-AA88-30A50C8515D0}.Debug|x86.ActiveCfg = Debug|Any CPU
		{E6C5FFDE-C0AC-4808-AA88-30A50C8515D0}.Debug|x86.Build.0 = Debug|Any CPU
		{E6C5FFDE-C0AC-4808-AA88-30A50C8515D0}.Release|Any CPU.ActiveCfg = Release|Any CPU
		{E6C5FFDE-C0AC-4808-AA88-30A50C8515D0}.Release|Any CPU.Build.0 = Release|Any CPU
		{E6C5FFDE-C0AC-4808-AA88-30A50C8515D0}.Release|ARM.ActiveCfg = Release|Any CPU
		{E6C5FFDE-C0AC-4808-AA88-30A50C8515D0}.Release|ARM.Build.0 = Release|Any CPU
		{E6C5FFDE-C0AC-4808-AA88-30A50C8515D0}.Release|iPhone.ActiveCfg = Release|Any CPU
		{E6C5FFDE-C0AC-4808-AA88-30A50C8515D0}.Release|iPhone.Build.0 = Release|Any CPU
		{E6C5FFDE-C0AC-4808-AA88-30A50C8515D0}.Release|iPhoneSimulator.ActiveCfg = Release|Any CPU
		{E6C5FFDE-C0AC-4808-AA88-30A50C8515D0}.Release|iPhoneSimulator.Build.0 = Release|Any CPU
		{E6C5FFDE-C0AC-4808-AA88-30A50C8515D0}.Release|x64.ActiveCfg = Release|Any CPU
		{E6C5FFDE-C0AC-4808-AA88-30A50C8515D0}.Release|x64.Build.0 = Release|Any CPU
		{E6C5FFDE-C0AC-4808-AA88-30A50C8515D0}.Release|x86.ActiveCfg = Release|Any CPU
		{E6C5FFDE-C0AC-4808-AA88-30A50C8515D0}.Release|x86.Build.0 = Release|Any CPU
	EndGlobalSection
	GlobalSection(SolutionProperties) = preSolution
		HideSolutionNode = FALSE
	EndGlobalSection
	GlobalSection(ExtensibilityGlobals) = postSolution
		SolutionGuid = {D01B09F3-369D-4970-9195-49F726294AE3}
	EndGlobalSection
EndGlobal
